// !$*UTF8*$!
{
	archiveVersion = 1;
	classes = {
	};
	objectVersion = 56;
	objects = {

/* Begin PBXBuildFile section */
		0ADC54932A80F4B4008A3AF1 /* AppDelegate.swift in Sources */ = {isa = PBXBuildFile; fileRef = 0ADC54922A80F4B4008A3AF1 /* AppDelegate.swift */; };
		0ADC54952A80F4B4008A3AF1 /* SceneDelegate.swift in Sources */ = {isa = PBXBuildFile; fileRef = 0ADC54942A80F4B4008A3AF1 /* SceneDelegate.swift */; };
		0ADC54972A80F4B4008A3AF1 /* OnboardingViewController.swift in Sources */ = {isa = PBXBuildFile; fileRef = 0ADC54962A80F4B4008A3AF1 /* OnboardingViewController.swift */; };
		0ADC549C2A80F4B6008A3AF1 /* Assets.xcassets in Resources */ = {isa = PBXBuildFile; fileRef = 0ADC549B2A80F4B6008A3AF1 /* Assets.xcassets */; };
		0ADC549F2A80F4B6008A3AF1 /* LaunchScreen.storyboard in Resources */ = {isa = PBXBuildFile; fileRef = 0ADC549D2A80F4B6008A3AF1 /* LaunchScreen.storyboard */; };
		0ADC54A72A80F55F008A3AF1 /* SigninViewController.swift in Sources */ = {isa = PBXBuildFile; fileRef = 0ADC54A62A80F55F008A3AF1 /* SigninViewController.swift */; };
		0ADC54A92A80F568008A3AF1 /* HomeView.swift in Sources */ = {isa = PBXBuildFile; fileRef = 0ADC54A82A80F568008A3AF1 /* HomeView.swift */; };
		0ADC54AF2A80F815008A3AF1 /* SuperViewController.swift in Sources */ = {isa = PBXBuildFile; fileRef = 0ADC54AE2A80F815008A3AF1 /* SuperViewController.swift */; };
		0ADC54B22A8221DE008A3AF1 /* OnboardingModel.swift in Sources */ = {isa = PBXBuildFile; fileRef = 0ADC54B12A8221DE008A3AF1 /* OnboardingModel.swift */; };
		0ADC54BA2A822653008A3AF1 /* BaseView.swift in Sources */ = {isa = PBXBuildFile; fileRef = 0ADC54B92A822653008A3AF1 /* BaseView.swift */; };
		0ADC54BF2A822B66008A3AF1 /* OnboardingCell.swift in Sources */ = {isa = PBXBuildFile; fileRef = 0ADC54BE2A822B66008A3AF1 /* OnboardingCell.swift */; };
		0ADC54C22A822F1C008A3AF1 /* View+Extensions.swift in Sources */ = {isa = PBXBuildFile; fileRef = 0ADC54C12A822F1C008A3AF1 /* View+Extensions.swift */; };
		0ADC54C52A825391008A3AF1 /* OnboardStackView.swift in Sources */ = {isa = PBXBuildFile; fileRef = 0ADC54C42A825391008A3AF1 /* OnboardStackView.swift */; };
		0ADC54C82A82ADDC008A3AF1 /* Resources.swift in Sources */ = {isa = PBXBuildFile; fileRef = 0ADC54C72A82ADDC008A3AF1 /* Resources.swift */; };
		0ADC54CB2A82B9F8008A3AF1 /* ForgotStackView.swift in Sources */ = {isa = PBXBuildFile; fileRef = 0ADC54CA2A82B9F8008A3AF1 /* ForgotStackView.swift */; };
		0ADC54CE2A841540008A3AF1 /* CheckBox.swift in Sources */ = {isa = PBXBuildFile; fileRef = 0ADC54CD2A841540008A3AF1 /* CheckBox.swift */; };
		0ADC54D02A84D93D008A3AF1 /* UserDefaults+Extensions.swift in Sources */ = {isa = PBXBuildFile; fileRef = 0ADC54CF2A84D93D008A3AF1 /* UserDefaults+Extensions.swift */; };
		0ADC54D22A84E6EF008A3AF1 /* UITextFiled+Extensions.swift in Sources */ = {isa = PBXBuildFile; fileRef = 0ADC54D12A84E6EF008A3AF1 /* UITextFiled+Extensions.swift */; };
		0ADC54D42A8646F0008A3AF1 /* NewUserStackView.swift in Sources */ = {isa = PBXBuildFile; fileRef = 0ADC54D32A8646F0008A3AF1 /* NewUserStackView.swift */; };
/* End PBXBuildFile section */

/* Begin PBXFileReference section */
		0ADC548F2A80F4B4008A3AF1 /* MessagingApp.app */ = {isa = PBXFileReference; explicitFileType = wrapper.application; includeInIndex = 0; path = MessagingApp.app; sourceTree = BUILT_PRODUCTS_DIR; };
		0ADC54922A80F4B4008A3AF1 /* AppDelegate.swift */ = {isa = PBXFileReference; lastKnownFileType = sourcecode.swift; path = AppDelegate.swift; sourceTree = "<group>"; };
		0ADC54942A80F4B4008A3AF1 /* SceneDelegate.swift */ = {isa = PBXFileReference; lastKnownFileType = sourcecode.swift; path = SceneDelegate.swift; sourceTree = "<group>"; };
		0ADC54962A80F4B4008A3AF1 /* OnboardingViewController.swift */ = {isa = PBXFileReference; lastKnownFileType = sourcecode.swift; path = OnboardingViewController.swift; sourceTree = "<group>"; };
		0ADC549B2A80F4B6008A3AF1 /* Assets.xcassets */ = {isa = PBXFileReference; lastKnownFileType = folder.assetcatalog; path = Assets.xcassets; sourceTree = "<group>"; };
		0ADC549E2A80F4B6008A3AF1 /* Base */ = {isa = PBXFileReference; lastKnownFileType = file.storyboard; name = Base; path = Base.lproj/LaunchScreen.storyboard; sourceTree = "<group>"; };
		0ADC54A02A80F4B6008A3AF1 /* Info.plist */ = {isa = PBXFileReference; lastKnownFileType = text.plist.xml; path = Info.plist; sourceTree = "<group>"; };
		0ADC54A62A80F55F008A3AF1 /* SigninViewController.swift */ = {isa = PBXFileReference; lastKnownFileType = sourcecode.swift; path = SigninViewController.swift; sourceTree = "<group>"; };
		0ADC54A82A80F568008A3AF1 /* HomeView.swift */ = {isa = PBXFileReference; lastKnownFileType = sourcecode.swift; path = HomeView.swift; sourceTree = "<group>"; };
		0ADC54AE2A80F815008A3AF1 /* SuperViewController.swift */ = {isa = PBXFileReference; lastKnownFileType = sourcecode.swift; path = SuperViewController.swift; sourceTree = "<group>"; };
		0ADC54B12A8221DE008A3AF1 /* OnboardingModel.swift */ = {isa = PBXFileReference; lastKnownFileType = sourcecode.swift; path = OnboardingModel.swift; sourceTree = "<group>"; };
		0ADC54B92A822653008A3AF1 /* BaseView.swift */ = {isa = PBXFileReference; lastKnownFileType = sourcecode.swift; path = BaseView.swift; sourceTree = "<group>"; };
		0ADC54BE2A822B66008A3AF1 /* OnboardingCell.swift */ = {isa = PBXFileReference; lastKnownFileType = sourcecode.swift; path = OnboardingCell.swift; sourceTree = "<group>"; };
		0ADC54C12A822F1C008A3AF1 /* View+Extensions.swift */ = {isa = PBXFileReference; lastKnownFileType = sourcecode.swift; path = "View+Extensions.swift"; sourceTree = "<group>"; };
		0ADC54C42A825391008A3AF1 /* OnboardStackView.swift */ = {isa = PBXFileReference; lastKnownFileType = sourcecode.swift; path = OnboardStackView.swift; sourceTree = "<group>"; };
		0ADC54C72A82ADDC008A3AF1 /* Resources.swift */ = {isa = PBXFileReference; lastKnownFileType = sourcecode.swift; path = Resources.swift; sourceTree = "<group>"; };
		0ADC54CA2A82B9F8008A3AF1 /* ForgotStackView.swift */ = {isa = PBXFileReference; lastKnownFileType = sourcecode.swift; path = ForgotStackView.swift; sourceTree = "<group>"; };
		0ADC54CD2A841540008A3AF1 /* CheckBox.swift */ = {isa = PBXFileReference; lastKnownFileType = sourcecode.swift; path = CheckBox.swift; sourceTree = "<group>"; };
		0ADC54CF2A84D93D008A3AF1 /* UserDefaults+Extensions.swift */ = {isa = PBXFileReference; lastKnownFileType = sourcecode.swift; path = "UserDefaults+Extensions.swift"; sourceTree = "<group>"; };
		0ADC54D12A84E6EF008A3AF1 /* UITextFiled+Extensions.swift */ = {isa = PBXFileReference; lastKnownFileType = sourcecode.swift; path = "UITextFiled+Extensions.swift"; sourceTree = "<group>"; };
		0ADC54D32A8646F0008A3AF1 /* NewUserStackView.swift */ = {isa = PBXFileReference; lastKnownFileType = sourcecode.swift; path = NewUserStackView.swift; sourceTree = "<group>"; };
/* End PBXFileReference section */

/* Begin PBXFrameworksBuildPhase section */
		0ADC548C2A80F4B4008A3AF1 /* Frameworks */ = {
			isa = PBXFrameworksBuildPhase;
			buildActionMask = 2147483647;
			files = (
			);
			runOnlyForDeploymentPostprocessing = 0;
		};
/* End PBXFrameworksBuildPhase section */

/* Begin PBXGroup section */
		0ADC54862A80F4B4008A3AF1 = {
			isa = PBXGroup;
			children = (
				0ADC54912A80F4B4008A3AF1 /* MessagingApp */,
				0ADC54902A80F4B4008A3AF1 /* Products */,
			);
			sourceTree = "<group>";
		};
		0ADC54902A80F4B4008A3AF1 /* Products */ = {
			isa = PBXGroup;
			children = (
				0ADC548F2A80F4B4008A3AF1 /* MessagingApp.app */,
			);
			name = Products;
			sourceTree = "<group>";
		};
		0ADC54912A80F4B4008A3AF1 /* MessagingApp */ = {
			isa = PBXGroup;
			children = (
				0ADC54C62A82ADB4008A3AF1 /* Helpers */,
				0ADC54B02A8221CD008A3AF1 /* Model */,
				0ADC54BC2A8226CC008A3AF1 /* AppFiles */,
				0ADC54AA2A80F570008A3AF1 /* Views */,
				0ADC549B2A80F4B6008A3AF1 /* Assets.xcassets */,
				0ADC549D2A80F4B6008A3AF1 /* LaunchScreen.storyboard */,
				0ADC54A02A80F4B6008A3AF1 /* Info.plist */,
			);
			path = MessagingApp;
			sourceTree = "<group>";
		};
		0ADC54AA2A80F570008A3AF1 /* Views */ = {
			isa = PBXGroup;
			children = (
				0ADC54AB2A80F7AC008A3AF1 /* OnboardingViewController */,
				0ADC54AC2A80F7BC008A3AF1 /* SignInViewController */,
				0ADC54AD2A80F7C9008A3AF1 /* HomeViewController */,
				0ADC54BB2A82265E008A3AF1 /* BaseView */,
			);
			path = Views;
			sourceTree = "<group>";
		};
		0ADC54AB2A80F7AC008A3AF1 /* OnboardingViewController */ = {
			isa = PBXGroup;
			children = (
				0ADC54C32A82537B008A3AF1 /* OnboardingStackView */,
				0ADC54BD2A822B54008A3AF1 /* CollectionViewCell */,
				0ADC54962A80F4B4008A3AF1 /* OnboardingViewController.swift */,
			);
			path = OnboardingViewController;
			sourceTree = "<group>";
		};
		0ADC54AC2A80F7BC008A3AF1 /* SignInViewController */ = {
			isa = PBXGroup;
			children = (
				0ADC54D62A8646FD008A3AF1 /* NewUserStackView */,
				0ADC54CC2A84152E008A3AF1 /* CheckBox */,
				0ADC54C92A82B9DC008A3AF1 /* ForgotStackView */,
				0ADC54A62A80F55F008A3AF1 /* SigninViewController.swift */,
			);
			path = SignInViewController;
			sourceTree = "<group>";
		};
		0ADC54AD2A80F7C9008A3AF1 /* HomeViewController */ = {
			isa = PBXGroup;
			children = (
				0ADC54A82A80F568008A3AF1 /* HomeView.swift */,
			);
			path = HomeViewController;
			sourceTree = "<group>";
		};
		0ADC54B02A8221CD008A3AF1 /* Model */ = {
			isa = PBXGroup;
			children = (
				0ADC54B12A8221DE008A3AF1 /* OnboardingModel.swift */,
			);
			path = Model;
			sourceTree = "<group>";
		};
		0ADC54BB2A82265E008A3AF1 /* BaseView */ = {
			isa = PBXGroup;
			children = (
				0ADC54B92A822653008A3AF1 /* BaseView.swift */,
				0ADC54AE2A80F815008A3AF1 /* SuperViewController.swift */,
			);
			path = BaseView;
			sourceTree = "<group>";
		};
		0ADC54BC2A8226CC008A3AF1 /* AppFiles */ = {
			isa = PBXGroup;
			children = (
				0ADC54922A80F4B4008A3AF1 /* AppDelegate.swift */,
				0ADC54942A80F4B4008A3AF1 /* SceneDelegate.swift */,
			);
			path = AppFiles;
			sourceTree = "<group>";
		};
		0ADC54BD2A822B54008A3AF1 /* CollectionViewCell */ = {
			isa = PBXGroup;
			children = (
				0ADC54BE2A822B66008A3AF1 /* OnboardingCell.swift */,
			);
			path = CollectionViewCell;
			sourceTree = "<group>";
		};
		0ADC54C02A822F06008A3AF1 /* Extensions */ = {
			isa = PBXGroup;
			children = (
				0ADC54C12A822F1C008A3AF1 /* View+Extensions.swift */,
				0ADC54CF2A84D93D008A3AF1 /* UserDefaults+Extensions.swift */,
				0ADC54D12A84E6EF008A3AF1 /* UITextFiled+Extensions.swift */,
			);
			path = Extensions;
			sourceTree = "<group>";
		};
		0ADC54C32A82537B008A3AF1 /* OnboardingStackView */ = {
			isa = PBXGroup;
			children = (
				0ADC54C42A825391008A3AF1 /* OnboardStackView.swift */,
			);
			path = OnboardingStackView;
			sourceTree = "<group>";
		};
		0ADC54C62A82ADB4008A3AF1 /* Helpers */ = {
			isa = PBXGroup;
			children = (
				0ADC54C02A822F06008A3AF1 /* Extensions */,
				0ADC54C72A82ADDC008A3AF1 /* Resources.swift */,
			);
			path = Helpers;
			sourceTree = "<group>";
		};
		0ADC54C92A82B9DC008A3AF1 /* ForgotStackView */ = {
			isa = PBXGroup;
			children = (
				0ADC54CA2A82B9F8008A3AF1 /* ForgotStackView.swift */,
			);
			path = ForgotStackView;
			sourceTree = "<group>";
		};
		0ADC54CC2A84152E008A3AF1 /* CheckBox */ = {
			isa = PBXGroup;
			children = (
				0ADC54CD2A841540008A3AF1 /* CheckBox.swift */,
			);
			path = CheckBox;
			sourceTree = "<group>";
		};
		0ADC54D62A8646FD008A3AF1 /* NewUserStackView */ = {
			isa = PBXGroup;
			children = (
				0ADC54D32A8646F0008A3AF1 /* NewUserStackView.swift */,
			);
			path = NewUserStackView;
			sourceTree = "<group>";
		};
/* End PBXGroup section */

/* Begin PBXNativeTarget section */
		0ADC548E2A80F4B4008A3AF1 /* MessagingApp */ = {
			isa = PBXNativeTarget;
			buildConfigurationList = 0ADC54A32A80F4B6008A3AF1 /* Build configuration list for PBXNativeTarget "MessagingApp" */;
			buildPhases = (
				0ADC548B2A80F4B4008A3AF1 /* Sources */,
				0ADC548C2A80F4B4008A3AF1 /* Frameworks */,
				0ADC548D2A80F4B4008A3AF1 /* Resources */,
			);
			buildRules = (
			);
			dependencies = (
			);
			name = MessagingApp;
			productName = MessagingApp;
			productReference = 0ADC548F2A80F4B4008A3AF1 /* MessagingApp.app */;
			productType = "com.apple.product-type.application";
		};
/* End PBXNativeTarget section */

/* Begin PBXProject section */
		0ADC54872A80F4B4008A3AF1 /* Project object */ = {
			isa = PBXProject;
			attributes = {
				BuildIndependentTargetsInParallel = 1;
				LastSwiftUpdateCheck = 1430;
				LastUpgradeCheck = 1430;
				TargetAttributes = {
					0ADC548E2A80F4B4008A3AF1 = {
						CreatedOnToolsVersion = 14.3.1;
					};
				};
			};
			buildConfigurationList = 0ADC548A2A80F4B4008A3AF1 /* Build configuration list for PBXProject "MessagingApp" */;
			compatibilityVersion = "Xcode 14.0";
			developmentRegion = en;
			hasScannedForEncodings = 0;
			knownRegions = (
				en,
				Base,
			);
			mainGroup = 0ADC54862A80F4B4008A3AF1;
			productRefGroup = 0ADC54902A80F4B4008A3AF1 /* Products */;
			projectDirPath = "";
			projectRoot = "";
			targets = (
				0ADC548E2A80F4B4008A3AF1 /* MessagingApp */,
			);
		};
/* End PBXProject section */

/* Begin PBXResourcesBuildPhase section */
		0ADC548D2A80F4B4008A3AF1 /* Resources */ = {
			isa = PBXResourcesBuildPhase;
			buildActionMask = 2147483647;
			files = (
				0ADC549F2A80F4B6008A3AF1 /* LaunchScreen.storyboard in Resources */,
				0ADC549C2A80F4B6008A3AF1 /* Assets.xcassets in Resources */,
			);
			runOnlyForDeploymentPostprocessing = 0;
		};
/* End PBXResourcesBuildPhase section */

/* Begin PBXSourcesBuildPhase section */
		0ADC548B2A80F4B4008A3AF1 /* Sources */ = {
			isa = PBXSourcesBuildPhase;
			buildActionMask = 2147483647;
			files = (
				0ADC54972A80F4B4008A3AF1 /* OnboardingViewController.swift in Sources */,
				0ADC54932A80F4B4008A3AF1 /* AppDelegate.swift in Sources */,
				0ADC54A72A80F55F008A3AF1 /* SigninViewController.swift in Sources */,
				0ADC54CB2A82B9F8008A3AF1 /* ForgotStackView.swift in Sources */,
				0ADC54A92A80F568008A3AF1 /* HomeView.swift in Sources */,
				0ADC54B22A8221DE008A3AF1 /* OnboardingModel.swift in Sources */,
				0ADC54BF2A822B66008A3AF1 /* OnboardingCell.swift in Sources */,
				0ADC54C52A825391008A3AF1 /* OnboardStackView.swift in Sources */,
				0ADC54AF2A80F815008A3AF1 /* SuperViewController.swift in Sources */,
				0ADC54D22A84E6EF008A3AF1 /* UITextFiled+Extensions.swift in Sources */,
				0ADC54D42A8646F0008A3AF1 /* NewUserStackView.swift in Sources */,
				0ADC54BA2A822653008A3AF1 /* BaseView.swift in Sources */,
				0ADC54CE2A841540008A3AF1 /* CheckBox.swift in Sources */,
				0ADC54C82A82ADDC008A3AF1 /* Resources.swift in Sources */,
				0ADC54C22A822F1C008A3AF1 /* View+Extensions.swift in Sources */,
				0ADC54D02A84D93D008A3AF1 /* UserDefaults+Extensions.swift in Sources */,
				0ADC54952A80F4B4008A3AF1 /* SceneDelegate.swift in Sources */,
			);
			runOnlyForDeploymentPostprocessing = 0;
		};
/* End PBXSourcesBuildPhase section */

/* Begin PBXVariantGroup section */
		0ADC549D2A80F4B6008A3AF1 /* LaunchScreen.storyboard */ = {
			isa = PBXVariantGroup;
			children = (
				0ADC549E2A80F4B6008A3AF1 /* Base */,
			);
			name = LaunchScreen.storyboard;
			sourceTree = "<group>";
		};
/* End PBXVariantGroup section */

/* Begin XCBuildConfiguration section */
		0ADC54A12A80F4B6008A3AF1 /* Debug */ = {
			isa = XCBuildConfiguration;
			buildSettings = {
				ALWAYS_SEARCH_USER_PATHS = NO;
				CLANG_ANALYZER_NONNULL = YES;
				CLANG_ANALYZER_NUMBER_OBJECT_CONVERSION = YES_AGGRESSIVE;
				CLANG_CXX_LANGUAGE_STANDARD = "gnu++20";
				CLANG_ENABLE_MODULES = YES;
				CLANG_ENABLE_OBJC_ARC = YES;
				CLANG_ENABLE_OBJC_WEAK = YES;
				CLANG_WARN_BLOCK_CAPTURE_AUTORELEASING = YES;
				CLANG_WARN_BOOL_CONVERSION = YES;
				CLANG_WARN_COMMA = YES;
				CLANG_WARN_CONSTANT_CONVERSION = YES;
				CLANG_WARN_DEPRECATED_OBJC_IMPLEMENTATIONS = YES;
				CLANG_WARN_DIRECT_OBJC_ISA_USAGE = YES_ERROR;
				CLANG_WARN_DOCUMENTATION_COMMENTS = YES;
				CLANG_WARN_EMPTY_BODY = YES;
				CLANG_WARN_ENUM_CONVERSION = YES;
				CLANG_WARN_INFINITE_RECURSION = YES;
				CLANG_WARN_INT_CONVERSION = YES;
				CLANG_WARN_NON_LITERAL_NULL_CONVERSION = YES;
				CLANG_WARN_OBJC_IMPLICIT_RETAIN_SELF = YES;
				CLANG_WARN_OBJC_LITERAL_CONVERSION = YES;
				CLANG_WARN_OBJC_ROOT_CLASS = YES_ERROR;
				CLANG_WARN_QUOTED_INCLUDE_IN_FRAMEWORK_HEADER = YES;
				CLANG_WARN_RANGE_LOOP_ANALYSIS = YES;
				CLANG_WARN_STRICT_PROTOTYPES = YES;
				CLANG_WARN_SUSPICIOUS_MOVE = YES;
				CLANG_WARN_UNGUARDED_AVAILABILITY = YES_AGGRESSIVE;
				CLANG_WARN_UNREACHABLE_CODE = YES;
				CLANG_WARN__DUPLICATE_METHOD_MATCH = YES;
				COPY_PHASE_STRIP = NO;
				DEBUG_INFORMATION_FORMAT = dwarf;
				ENABLE_STRICT_OBJC_MSGSEND = YES;
				ENABLE_TESTABILITY = YES;
				GCC_C_LANGUAGE_STANDARD = gnu11;
				GCC_DYNAMIC_NO_PIC = NO;
				GCC_NO_COMMON_BLOCKS = YES;
				GCC_OPTIMIZATION_LEVEL = 0;
				GCC_PREPROCESSOR_DEFINITIONS = (
					"DEBUG=1",
					"$(inherited)",
				);
				GCC_WARN_64_TO_32_BIT_CONVERSION = YES;
				GCC_WARN_ABOUT_RETURN_TYPE = YES_ERROR;
				GCC_WARN_UNDECLARED_SELECTOR = YES;
				GCC_WARN_UNINITIALIZED_AUTOS = YES_AGGRESSIVE;
				GCC_WARN_UNUSED_FUNCTION = YES;
				GCC_WARN_UNUSED_VARIABLE = YES;
				IPHONEOS_DEPLOYMENT_TARGET = 16.4;
				MTL_ENABLE_DEBUG_INFO = INCLUDE_SOURCE;
				MTL_FAST_MATH = YES;
				ONLY_ACTIVE_ARCH = YES;
				SDKROOT = iphoneos;
				SWIFT_ACTIVE_COMPILATION_CONDITIONS = DEBUG;
				SWIFT_OPTIMIZATION_LEVEL = "-Onone";
			};
			name = Debug;
		};
		0ADC54A22A80F4B6008A3AF1 /* Release */ = {
			isa = XCBuildConfiguration;
			buildSettings = {
				ALWAYS_SEARCH_USER_PATHS = NO;
				CLANG_ANALYZER_NONNULL = YES;
				CLANG_ANALYZER_NUMBER_OBJECT_CONVERSION = YES_AGGRESSIVE;
				CLANG_CXX_LANGUAGE_STANDARD = "gnu++20";
				CLANG_ENABLE_MODULES = YES;
				CLANG_ENABLE_OBJC_ARC = YES;
				CLANG_ENABLE_OBJC_WEAK = YES;
				CLANG_WARN_BLOCK_CAPTURE_AUTORELEASING = YES;
				CLANG_WARN_BOOL_CONVERSION = YES;
				CLANG_WARN_COMMA = YES;
				CLANG_WARN_CONSTANT_CONVERSION = YES;
				CLANG_WARN_DEPRECATED_OBJC_IMPLEMENTATIONS = YES;
				CLANG_WARN_DIRECT_OBJC_ISA_USAGE = YES_ERROR;
				CLANG_WARN_DOCUMENTATION_COMMENTS = YES;
				CLANG_WARN_EMPTY_BODY = YES;
				CLANG_WARN_ENUM_CONVERSION = YES;
				CLANG_WARN_INFINITE_RECURSION = YES;
				CLANG_WARN_INT_CONVERSION = YES;
				CLANG_WARN_NON_LITERAL_NULL_CONVERSION = YES;
				CLANG_WARN_OBJC_IMPLICIT_RETAIN_SELF = YES;
				CLANG_WARN_OBJC_LITERAL_CONVERSION = YES;
				CLANG_WARN_OBJC_ROOT_CLASS = YES_ERROR;
				CLANG_WARN_QUOTED_INCLUDE_IN_FRAMEWORK_HEADER = YES;
				CLANG_WARN_RANGE_LOOP_ANALYSIS = YES;
				CLANG_WARN_STRICT_PROTOTYPES = YES;
				CLANG_WARN_SUSPICIOUS_MOVE = YES;
				CLANG_WARN_UNGUARDED_AVAILABILITY = YES_AGGRESSIVE;
				CLANG_WARN_UNREACHABLE_CODE = YES;
				CLANG_WARN__DUPLICATE_METHOD_MATCH = YES;
				COPY_PHASE_STRIP = NO;
				DEBUG_INFORMATION_FORMAT = "dwarf-with-dsym";
				ENABLE_NS_ASSERTIONS = NO;
				ENABLE_STRICT_OBJC_MSGSEND = YES;
				GCC_C_LANGUAGE_STANDARD = gnu11;
				GCC_NO_COMMON_BLOCKS = YES;
				GCC_WARN_64_TO_32_BIT_CONVERSION = YES;
				GCC_WARN_ABOUT_RETURN_TYPE = YES_ERROR;
				GCC_WARN_UNDECLARED_SELECTOR = YES;
				GCC_WARN_UNINITIALIZED_AUTOS = YES_AGGRESSIVE;
				GCC_WARN_UNUSED_FUNCTION = YES;
				GCC_WARN_UNUSED_VARIABLE = YES;
				IPHONEOS_DEPLOYMENT_TARGET = 16.4;
				MTL_ENABLE_DEBUG_INFO = NO;
				MTL_FAST_MATH = YES;
				SDKROOT = iphoneos;
				SWIFT_COMPILATION_MODE = wholemodule;
				SWIFT_OPTIMIZATION_LEVEL = "-O";
				VALIDATE_PRODUCT = YES;
			};
			name = Release;
		};
		0ADC54A42A80F4B6008A3AF1 /* Debug */ = {
			isa = XCBuildConfiguration;
			buildSettings = {
				ASSETCATALOG_COMPILER_APPICON_NAME = AppIcon;
				ASSETCATALOG_COMPILER_GLOBAL_ACCENT_COLOR_NAME = AccentColor;
				CODE_SIGN_STYLE = Automatic;
				CURRENT_PROJECT_VERSION = 1;
				DEVELOPMENT_TEAM = HM795YG5L5;
				GENERATE_INFOPLIST_FILE = YES;
				INFOPLIST_FILE = MessagingApp/Info.plist;
				INFOPLIST_KEY_UIApplicationSupportsIndirectInputEvents = YES;
				INFOPLIST_KEY_UILaunchStoryboardName = LaunchScreen;
				INFOPLIST_KEY_UISupportedInterfaceOrientations_iPad = "UIInterfaceOrientationPortrait UIInterfaceOrientationPortraitUpsideDown UIInterfaceOrientationLandscapeLeft UIInterfaceOrientationLandscapeRight";
				INFOPLIST_KEY_UISupportedInterfaceOrientations_iPhone = "UIInterfaceOrientationPortrait UIInterfaceOrientationLandscapeLeft UIInterfaceOrientationLandscapeRight";
				LD_RUNPATH_SEARCH_PATHS = (
					"$(inherited)",
					"@executable_path/Frameworks",
				);
				MARKETING_VERSION = 1.0;
				PRODUCT_BUNDLE_IDENTIFIER = AG.MessagingApp;
				PRODUCT_NAME = "$(TARGET_NAME)";
				SWIFT_EMIT_LOC_STRINGS = YES;
				SWIFT_VERSION = 5.0;
				TARGETED_DEVICE_FAMILY = "1,2";
			};
			name = Debug;
		};
		0ADC54A52A80F4B6008A3AF1 /* Release */ = {
			isa = XCBuildConfiguration;
			buildSettings = {
				ASSETCATALOG_COMPILER_APPICON_NAME = AppIcon;
				ASSETCATALOG_COMPILER_GLOBAL_ACCENT_COLOR_NAME = AccentColor;
				CODE_SIGN_STYLE = Automatic;
				CURRENT_PROJECT_VERSION = 1;
				DEVELOPMENT_TEAM = HM795YG5L5;
				GENERATE_INFOPLIST_FILE = YES;
				INFOPLIST_FILE = MessagingApp/Info.plist;
				INFOPLIST_KEY_UIApplicationSupportsIndirectInputEvents = YES;
				INFOPLIST_KEY_UILaunchStoryboardName = LaunchScreen;
				INFOPLIST_KEY_UISupportedInterfaceOrientations_iPad = "UIInterfaceOrientationPortrait UIInterfaceOrientationPortraitUpsideDown UIInterfaceOrientationLandscapeLeft UIInterfaceOrientationLandscapeRight";
				INFOPLIST_KEY_UISupportedInterfaceOrientations_iPhone = "UIInterfaceOrientationPortrait UIInterfaceOrientationLandscapeLeft UIInterfaceOrientationLandscapeRight";
				LD_RUNPATH_SEARCH_PATHS = (
					"$(inherited)",
					"@executable_path/Frameworks",
				);
				MARKETING_VERSION = 1.0;
				PRODUCT_BUNDLE_IDENTIFIER = AG.MessagingApp;
				PRODUCT_NAME = "$(TARGET_NAME)";
				SWIFT_EMIT_LOC_STRINGS = YES;
				SWIFT_VERSION = 5.0;
				TARGETED_DEVICE_FAMILY = "1,2";
			};
			name = Release;
		};
/* End XCBuildConfiguration section */

/* Begin XCConfigurationList section */
		0ADC548A2A80F4B4008A3AF1 /* Build configuration list for PBXProject "MessagingApp" */ = {
			isa = XCConfigurationList;
			buildConfigurations = (
				0ADC54A12A80F4B6008A3AF1 /* Debug */,
				0ADC54A22A80F4B6008A3AF1 /* Release */,
			);
			defaultConfigurationIsVisible = 0;
			defaultConfigurationName = Release;
		};
		0ADC54A32A80F4B6008A3AF1 /* Build configuration list for PBXNativeTarget "MessagingApp" */ = {
			isa = XCConfigurationList;
			buildConfigurations = (
				0ADC54A42A80F4B6008A3AF1 /* Debug */,
				0ADC54A52A80F4B6008A3AF1 /* Release */,
			);
			defaultConfigurationIsVisible = 0;
			defaultConfigurationName = Release;
		};
/* End XCConfigurationList section */
	};
	rootObject = 0ADC54872A80F4B4008A3AF1 /* Project object */;
}
